
Microsoft Visual Studio Solution File, Format Version 12.00
# Visual Studio Version 17
VisualStudioVersion = 17.13.35931.197 d17.13
MinimumVisualStudioVersion = 10.0.40219.1
Project("{FAE04EC0-301F-11D3-BF4B-00C04F79EFBC}") = "Conecta4", "Conecta4.csproj", "{FDA07240-F3AB-420F-933D-DC5D301DEB38}"
EndProject
Project("{FAE04EC0-301F-11D3-BF4B-00C04F79EFBC}") = "Tests", "..\Tests\Tests.csproj", "{A26047CA-F84B-4008-9275-E259B443DCA9}"
EndProject
Global
	GlobalSection(SolutionConfigurationPlatforms) = preSolution
		Debug|Any CPU = Debug|Any CPU
		Release|Any CPU = Release|Any CPU
	EndGlobalSection
	GlobalSection(ProjectConfigurationPlatforms) = postSolution
		{FDA07240-F3AB-420F-933D-DC5D301DEB38}.Debug|Any CPU.ActiveCfg = Debug|Any CPU
		{FDA07240-F3AB-420F-933D-DC5D301DEB38}.Debug|Any CPU.Build.0 = Debug|Any CPU
		{FDA07240-F3AB-420F-933D-DC5D301DEB38}.Release|Any CPU.ActiveCfg = Release|Any CPU
		{FDA07240-F3AB-420F-933D-DC5D301DEB38}.Release|Any CPU.Build.0 = Release|Any CPU
		{A26047CA-F84B-4008-9275-E259B443DCA9}.Debug|Any CPU.ActiveCfg = Debug|Any CPU
		{A26047CA-F84B-4008-9275-E259B443DCA9}.Debug|Any CPU.Build.0 = Debug|Any CPU
		{A26047CA-F84B-4008-9275-E259B443DCA9}.Release|Any CPU.ActiveCfg = Release|Any CPU
		{A26047CA-F84B-4008-9275-E259B443DCA9}.Release|Any CPU.Build.0 = Release|Any CPU
	EndGlobalSection
	GlobalSection(SolutionProperties) = preSolution
		HideSolutionNode = FALSE
	EndGlobalSection
	GlobalSection(ExtensibilityGlobals) = postSolution
		SolutionGuid = {C19BF243-36D1-4EEF-84A9-68BB2C94F448}
	EndGlobalSection
EndGlobal
